// !$*UTF8*$!
{
	archiveVersion = 1;
	classes = {
	};
	objectVersion = 56;
	objects = {

/* Begin PBXBuildFile section */
		B606870F2BE0544E00D9C367 /* MarketCell.swift in Sources */ = {isa = PBXBuildFile; fileRef = B606870E2BE0544E00D9C367 /* MarketCell.swift */; };
		B60687122BE0931F00D9C367 /* DoubleExt.swift in Sources */ = {isa = PBXBuildFile; fileRef = B60687112BE0931F00D9C367 /* DoubleExt.swift */; };
		B60687142BE0943100D9C367 /* DateExt.swift in Sources */ = {isa = PBXBuildFile; fileRef = B60687132BE0943100D9C367 /* DateExt.swift */; };
		B60687162BE09A9200D9C367 /* ProductCell.swift in Sources */ = {isa = PBXBuildFile; fileRef = B60687152BE09A9200D9C367 /* ProductCell.swift */; };
		B60687192BE0A4C000D9C367 /* ProductView.swift in Sources */ = {isa = PBXBuildFile; fileRef = B60687182BE0A4C000D9C367 /* ProductView.swift */; };
		B606871B2BE0C42700D9C367 /* CurrencyHelper.swift in Sources */ = {isa = PBXBuildFile; fileRef = B606871A2BE0C42700D9C367 /* CurrencyHelper.swift */; };
		B66422D82C443BE80069E3A9 /* LoginView.swift in Sources */ = {isa = PBXBuildFile; fileRef = B66422D72C443BE80069E3A9 /* LoginView.swift */; };
		B66422E52C7E7D1C0069E3A9 /* AppDelegate.swift in Sources */ = {isa = PBXBuildFile; fileRef = B66422E42C7E7D1C0069E3A9 /* AppDelegate.swift */; };
		B66422E82C7E7DF40069E3A9 /* AuthViewModel.swift in Sources */ = {isa = PBXBuildFile; fileRef = B66422E72C7E7DF40069E3A9 /* AuthViewModel.swift */; };
		B66422EB2C7E94010069E3A9 /* GoogleService-Info.plist in Resources */ = {isa = PBXBuildFile; fileRef = B66422EA2C7E94010069E3A9 /* GoogleService-Info.plist */; };
		B67D15492BDF4957007E690B /* ourmarketApp.swift in Sources */ = {isa = PBXBuildFile; fileRef = B67D15482BDF4957007E690B /* ourmarketApp.swift */; };
		B67D154B2BDF4957007E690B /* ContentView.swift in Sources */ = {isa = PBXBuildFile; fileRef = B67D154A2BDF4957007E690B /* ContentView.swift */; };
		B67D154D2BDF4958007E690B /* Assets.xcassets in Resources */ = {isa = PBXBuildFile; fileRef = B67D154C2BDF4958007E690B /* Assets.xcassets */; };
		B67D15512BDF4958007E690B /* Preview Assets.xcassets in Resources */ = {isa = PBXBuildFile; fileRef = B67D15502BDF4958007E690B /* Preview Assets.xcassets */; };
		B6ECCC412BDF4FB9007AEACA /* FirebaseAuth in Frameworks */ = {isa = PBXBuildFile; productRef = B6ECCC402BDF4FB9007AEACA /* FirebaseAuth */; };
		B6ECCC432BDF4FB9007AEACA /* FirebaseDatabase in Frameworks */ = {isa = PBXBuildFile; productRef = B6ECCC422BDF4FB9007AEACA /* FirebaseDatabase */; };
		B6ECCC452BDF4FB9007AEACA /* FirebaseFirestore in Frameworks */ = {isa = PBXBuildFile; productRef = B6ECCC442BDF4FB9007AEACA /* FirebaseFirestore */; };
		B6ECCC472BDF4FB9007AEACA /* FirebaseStorage in Frameworks */ = {isa = PBXBuildFile; productRef = B6ECCC462BDF4FB9007AEACA /* FirebaseStorage */; };
		B6ECCC4A2BDF4FEE007AEACA /* GoogleSignIn in Frameworks */ = {isa = PBXBuildFile; productRef = B6ECCC492BDF4FEE007AEACA /* GoogleSignIn */; };
		B6ECCC4C2BDF4FEE007AEACA /* GoogleSignInSwift in Frameworks */ = {isa = PBXBuildFile; productRef = B6ECCC4B2BDF4FEE007AEACA /* GoogleSignInSwift */; };
		B6ECCC502BDF51AB007AEACA /* FirebaseAnalytics in Frameworks */ = {isa = PBXBuildFile; productRef = B6ECCC4F2BDF51AB007AEACA /* FirebaseAnalytics */; };
		B6ECCC522BDF60F3007AEACA /* UserOurMarket.swift in Sources */ = {isa = PBXBuildFile; fileRef = B6ECCC512BDF60F3007AEACA /* UserOurMarket.swift */; };
		B6ECCC542BDF615D007AEACA /* Product.swift in Sources */ = {isa = PBXBuildFile; fileRef = B6ECCC532BDF615D007AEACA /* Product.swift */; };
		B6ECCC562BDF620B007AEACA /* Unity.swift in Sources */ = {isa = PBXBuildFile; fileRef = B6ECCC552BDF620B007AEACA /* Unity.swift */; };
		B6ECCC582BDF6441007AEACA /* Market.swift in Sources */ = {isa = PBXBuildFile; fileRef = B6ECCC572BDF6441007AEACA /* Market.swift */; };
/* End PBXBuildFile section */

/* Begin PBXFileReference section */
		B606870E2BE0544E00D9C367 /* MarketCell.swift */ = {isa = PBXFileReference; lastKnownFileType = sourcecode.swift; path = MarketCell.swift; sourceTree = "<group>"; };
		B60687112BE0931F00D9C367 /* DoubleExt.swift */ = {isa = PBXFileReference; lastKnownFileType = sourcecode.swift; path = DoubleExt.swift; sourceTree = "<group>"; };
		B60687132BE0943100D9C367 /* DateExt.swift */ = {isa = PBXFileReference; lastKnownFileType = sourcecode.swift; path = DateExt.swift; sourceTree = "<group>"; };
		B60687152BE09A9200D9C367 /* ProductCell.swift */ = {isa = PBXFileReference; lastKnownFileType = sourcecode.swift; path = ProductCell.swift; sourceTree = "<group>"; };
		B60687182BE0A4C000D9C367 /* ProductView.swift */ = {isa = PBXFileReference; lastKnownFileType = sourcecode.swift; path = ProductView.swift; sourceTree = "<group>"; };
		B606871A2BE0C42700D9C367 /* CurrencyHelper.swift */ = {isa = PBXFileReference; lastKnownFileType = sourcecode.swift; path = CurrencyHelper.swift; sourceTree = "<group>"; };
		B66422D72C443BE80069E3A9 /* LoginView.swift */ = {isa = PBXFileReference; lastKnownFileType = sourcecode.swift; path = LoginView.swift; sourceTree = "<group>"; };
		B66422E42C7E7D1C0069E3A9 /* AppDelegate.swift */ = {isa = PBXFileReference; lastKnownFileType = sourcecode.swift; path = AppDelegate.swift; sourceTree = "<group>"; };
		B66422E72C7E7DF40069E3A9 /* AuthViewModel.swift */ = {isa = PBXFileReference; lastKnownFileType = sourcecode.swift; path = AuthViewModel.swift; sourceTree = "<group>"; };
		B66422E92C7E81BF0069E3A9 /* Info.plist */ = {isa = PBXFileReference; lastKnownFileType = text.plist; path = Info.plist; sourceTree = "<group>"; };
		B66422EA2C7E94010069E3A9 /* GoogleService-Info.plist */ = {isa = PBXFileReference; fileEncoding = 4; lastKnownFileType = text.plist.xml; path = "GoogleService-Info.plist"; sourceTree = "<group>"; };
		B67D15452BDF4957007E690B /* ourmarket.app */ = {isa = PBXFileReference; explicitFileType = wrapper.application; includeInIndex = 0; path = ourmarket.app; sourceTree = BUILT_PRODUCTS_DIR; };
		B67D15482BDF4957007E690B /* ourmarketApp.swift */ = {isa = PBXFileReference; lastKnownFileType = sourcecode.swift; path = ourmarketApp.swift; sourceTree = "<group>"; };
		B67D154A2BDF4957007E690B /* ContentView.swift */ = {isa = PBXFileReference; lastKnownFileType = sourcecode.swift; path = ContentView.swift; sourceTree = "<group>"; };
		B67D154C2BDF4958007E690B /* Assets.xcassets */ = {isa = PBXFileReference; lastKnownFileType = folder.assetcatalog; path = Assets.xcassets; sourceTree = "<group>"; };
		B67D154E2BDF4958007E690B /* ourmarket.entitlements */ = {isa = PBXFileReference; lastKnownFileType = text.plist.entitlements; path = ourmarket.entitlements; sourceTree = "<group>"; };
		B67D15502BDF4958007E690B /* Preview Assets.xcassets */ = {isa = PBXFileReference; lastKnownFileType = folder.assetcatalog; path = "Preview Assets.xcassets"; sourceTree = "<group>"; };
		B6ECCC512BDF60F3007AEACA /* UserOurMarket.swift */ = {isa = PBXFileReference; lastKnownFileType = sourcecode.swift; path = UserOurMarket.swift; sourceTree = "<group>"; };
		B6ECCC532BDF615D007AEACA /* Product.swift */ = {isa = PBXFileReference; lastKnownFileType = sourcecode.swift; path = Product.swift; sourceTree = "<group>"; };
		B6ECCC552BDF620B007AEACA /* Unity.swift */ = {isa = PBXFileReference; lastKnownFileType = sourcecode.swift; path = Unity.swift; sourceTree = "<group>"; };
		B6ECCC572BDF6441007AEACA /* Market.swift */ = {isa = PBXFileReference; lastKnownFileType = sourcecode.swift; path = Market.swift; sourceTree = "<group>"; };
/* End PBXFileReference section */

/* Begin PBXFrameworksBuildPhase section */
		B67D15422BDF4957007E690B /* Frameworks */ = {
			isa = PBXFrameworksBuildPhase;
			buildActionMask = 2147483647;
			files = (
				B6ECCC502BDF51AB007AEACA /* FirebaseAnalytics in Frameworks */,
				B6ECCC4A2BDF4FEE007AEACA /* GoogleSignIn in Frameworks */,
				B6ECCC432BDF4FB9007AEACA /* FirebaseDatabase in Frameworks */,
				B6ECCC472BDF4FB9007AEACA /* FirebaseStorage in Frameworks */,
				B6ECCC4C2BDF4FEE007AEACA /* GoogleSignInSwift in Frameworks */,
				B6ECCC412BDF4FB9007AEACA /* FirebaseAuth in Frameworks */,
				B6ECCC452BDF4FB9007AEACA /* FirebaseFirestore in Frameworks */,
			);
			runOnlyForDeploymentPostprocessing = 0;
		};
/* End PBXFrameworksBuildPhase section */

/* Begin PBXGroup section */
		B60687102BE0545500D9C367 /* components */ = {
			isa = PBXGroup;
			children = (
				B606870E2BE0544E00D9C367 /* MarketCell.swift */,
				B60687152BE09A9200D9C367 /* ProductCell.swift */,
			);
			path = components;
			sourceTree = "<group>";
		};
		B60687172BE0A48F00D9C367 /* View */ = {
			isa = PBXGroup;
			children = (
				B67D154A2BDF4957007E690B /* ContentView.swift */,
				B60687182BE0A4C000D9C367 /* ProductView.swift */,
				B66422D72C443BE80069E3A9 /* LoginView.swift */,
			);
			path = View;
			sourceTree = "<group>";
		};
		B606871C2BE0C42D00D9C367 /* helper */ = {
			isa = PBXGroup;
			children = (
				B606871A2BE0C42700D9C367 /* CurrencyHelper.swift */,
			);
			path = helper;
			sourceTree = "<group>";
		};
		B66422E62C7E7DE90069E3A9 /* viewmodel */ = {
			isa = PBXGroup;
			children = (
				B66422E72C7E7DF40069E3A9 /* AuthViewModel.swift */,
			);
			path = viewmodel;
			sourceTree = "<group>";
		};
		B67D153C2BDF4957007E690B = {
			isa = PBXGroup;
			children = (
				B67D15472BDF4957007E690B /* ourmarket */,
				B67D15462BDF4957007E690B /* Products */,
			);
			sourceTree = "<group>";
		};
		B67D15462BDF4957007E690B /* Products */ = {
			isa = PBXGroup;
			children = (
				B67D15452BDF4957007E690B /* ourmarket.app */,
			);
			name = Products;
			sourceTree = "<group>";
		};
		B67D15472BDF4957007E690B /* ourmarket */ = {
			isa = PBXGroup;
			children = (
				B66422EA2C7E94010069E3A9 /* GoogleService-Info.plist */,
				B66422E92C7E81BF0069E3A9 /* Info.plist */,
				B66422E62C7E7DE90069E3A9 /* viewmodel */,
				B606871C2BE0C42D00D9C367 /* helper */,
				B60687172BE0A48F00D9C367 /* View */,
				B67D15572BDF4972007E690B /* model */,
				B67D15482BDF4957007E690B /* ourmarketApp.swift */,
				B60687102BE0545500D9C367 /* components */,
				B67D154C2BDF4958007E690B /* Assets.xcassets */,
				B67D154E2BDF4958007E690B /* ourmarket.entitlements */,
				B67D154F2BDF4958007E690B /* Preview Content */,
				B66422E42C7E7D1C0069E3A9 /* AppDelegate.swift */,
			);
			path = ourmarket;
			sourceTree = "<group>";
		};
		B67D154F2BDF4958007E690B /* Preview Content */ = {
			isa = PBXGroup;
			children = (
				B67D15502BDF4958007E690B /* Preview Assets.xcassets */,
			);
			path = "Preview Content";
			sourceTree = "<group>";
		};
		B67D15572BDF4972007E690B /* model */ = {
			isa = PBXGroup;
			children = (
				B6ECCC512BDF60F3007AEACA /* UserOurMarket.swift */,
				B6ECCC532BDF615D007AEACA /* Product.swift */,
				B6ECCC552BDF620B007AEACA /* Unity.swift */,
				B6ECCC572BDF6441007AEACA /* Market.swift */,
				B60687112BE0931F00D9C367 /* DoubleExt.swift */,
				B60687132BE0943100D9C367 /* DateExt.swift */,
			);
			path = model;
			sourceTree = "<group>";
		};
/* End PBXGroup section */

/* Begin PBXNativeTarget section */
		B67D15442BDF4957007E690B /* ourmarket */ = {
			isa = PBXNativeTarget;
			buildConfigurationList = B67D15542BDF4958007E690B /* Build configuration list for PBXNativeTarget "ourmarket" */;
			buildPhases = (
				B67D15412BDF4957007E690B /* Sources */,
				B67D15422BDF4957007E690B /* Frameworks */,
				B67D15432BDF4957007E690B /* Resources */,
			);
			buildRules = (
			);
			dependencies = (
			);
			name = ourmarket;
			packageProductDependencies = (
				B6ECCC402BDF4FB9007AEACA /* FirebaseAuth */,
				B6ECCC422BDF4FB9007AEACA /* FirebaseDatabase */,
				B6ECCC442BDF4FB9007AEACA /* FirebaseFirestore */,
				B6ECCC462BDF4FB9007AEACA /* FirebaseStorage */,
				B6ECCC492BDF4FEE007AEACA /* GoogleSignIn */,
				B6ECCC4B2BDF4FEE007AEACA /* GoogleSignInSwift */,
				B6ECCC4F2BDF51AB007AEACA /* FirebaseAnalytics */,
			);
			productName = ourmarket;
			productReference = B67D15452BDF4957007E690B /* ourmarket.app */;
			productType = "com.apple.product-type.application";
		};
/* End PBXNativeTarget section */

/* Begin PBXProject section */
		B67D153D2BDF4957007E690B /* Project object */ = {
			isa = PBXProject;
			attributes = {
				BuildIndependentTargetsInParallel = 1;
				LastSwiftUpdateCheck = 1530;
				LastUpgradeCheck = 1540;
				TargetAttributes = {
					B67D15442BDF4957007E690B = {
						CreatedOnToolsVersion = 15.3;
					};
				};
			};
			buildConfigurationList = B67D15402BDF4957007E690B /* Build configuration list for PBXProject "ourmarket" */;
			compatibilityVersion = "Xcode 14.0";
			developmentRegion = en;
			hasScannedForEncodings = 0;
			knownRegions = (
				en,
				Base,
			);
			mainGroup = B67D153C2BDF4957007E690B;
			packageReferences = (
				B6ECCC3F2BDF4FB9007AEACA /* XCRemoteSwiftPackageReference "firebase-ios-sdk" */,
				B6ECCC482BDF4FEE007AEACA /* XCRemoteSwiftPackageReference "GoogleSignIn-iOS" */,
			);
			productRefGroup = B67D15462BDF4957007E690B /* Products */;
			projectDirPath = "";
			projectRoot = "";
			targets = (
				B67D15442BDF4957007E690B /* ourmarket */,
			);
		};
/* End PBXProject section */

/* Begin PBXResourcesBuildPhase section */
		B67D15432BDF4957007E690B /* Resources */ = {
			isa = PBXResourcesBuildPhase;
			buildActionMask = 2147483647;
			files = (
				B67D15512BDF4958007E690B /* Preview Assets.xcassets in Resources */,
				B66422EB2C7E94010069E3A9 /* GoogleService-Info.plist in Resources */,
				B67D154D2BDF4958007E690B /* Assets.xcassets in Resources */,
			);
			runOnlyForDeploymentPostprocessing = 0;
		};
/* End PBXResourcesBuildPhase section */

/* Begin PBXSourcesBuildPhase section */
		B67D15412BDF4957007E690B /* Sources */ = {
			isa = PBXSourcesBuildPhase;
			buildActionMask = 2147483647;
			files = (
				B67D154B2BDF4957007E690B /* ContentView.swift in Sources */,
				B6ECCC542BDF615D007AEACA /* Product.swift in Sources */,
				B67D15492BDF4957007E690B /* ourmarketApp.swift in Sources */,
				B66422E52C7E7D1C0069E3A9 /* AppDelegate.swift in Sources */,
				B6ECCC562BDF620B007AEACA /* Unity.swift in Sources */,
				B6ECCC522BDF60F3007AEACA /* UserOurMarket.swift in Sources */,
				B6ECCC582BDF6441007AEACA /* Market.swift in Sources */,
				B60687122BE0931F00D9C367 /* DoubleExt.swift in Sources */,
				B60687192BE0A4C000D9C367 /* ProductView.swift in Sources */,
				B60687162BE09A9200D9C367 /* ProductCell.swift in Sources */,
				B606870F2BE0544E00D9C367 /* MarketCell.swift in Sources */,
				B66422E82C7E7DF40069E3A9 /* AuthViewModel.swift in Sources */,
				B66422D82C443BE80069E3A9 /* LoginView.swift in Sources */,
				B606871B2BE0C42700D9C367 /* CurrencyHelper.swift in Sources */,
				B60687142BE0943100D9C367 /* DateExt.swift in Sources */,
			);
			runOnlyForDeploymentPostprocessing = 0;
		};
/* End PBXSourcesBuildPhase section */

/* Begin XCBuildConfiguration section */
		B67D15522BDF4958007E690B /* Debug */ = {
			isa = XCBuildConfiguration;
			buildSettings = {
				ALWAYS_SEARCH_USER_PATHS = NO;
				ASSETCATALOG_COMPILER_GENERATE_SWIFT_ASSET_SYMBOL_EXTENSIONS = YES;
				CLANG_ANALYZER_NONNULL = YES;
				CLANG_ANALYZER_NUMBER_OBJECT_CONVERSION = YES_AGGRESSIVE;
				CLANG_CXX_LANGUAGE_STANDARD = "gnu++20";
				CLANG_ENABLE_MODULES = YES;
				CLANG_ENABLE_OBJC_ARC = YES;
				CLANG_ENABLE_OBJC_WEAK = YES;
				CLANG_WARN_BLOCK_CAPTURE_AUTORELEASING = YES;
				CLANG_WARN_BOOL_CONVERSION = YES;
				CLANG_WARN_COMMA = YES;
				CLANG_WARN_CONSTANT_CONVERSION = YES;
				CLANG_WARN_DEPRECATED_OBJC_IMPLEMENTATIONS = YES;
				CLANG_WARN_DIRECT_OBJC_ISA_USAGE = YES_ERROR;
				CLANG_WARN_DOCUMENTATION_COMMENTS = YES;
				CLANG_WARN_EMPTY_BODY = YES;
				CLANG_WARN_ENUM_CONVERSION = YES;
				CLANG_WARN_INFINITE_RECURSION = YES;
				CLANG_WARN_INT_CONVERSION = YES;
				CLANG_WARN_NON_LITERAL_NULL_CONVERSION = YES;
				CLANG_WARN_OBJC_IMPLICIT_RETAIN_SELF = YES;
				CLANG_WARN_OBJC_LITERAL_CONVERSION = YES;
				CLANG_WARN_OBJC_ROOT_CLASS = YES_ERROR;
				CLANG_WARN_QUOTED_INCLUDE_IN_FRAMEWORK_HEADER = YES;
				CLANG_WARN_RANGE_LOOP_ANALYSIS = YES;
				CLANG_WARN_STRICT_PROTOTYPES = YES;
				CLANG_WARN_SUSPICIOUS_MOVE = YES;
				CLANG_WARN_UNGUARDED_AVAILABILITY = YES_AGGRESSIVE;
				CLANG_WARN_UNREACHABLE_CODE = YES;
				CLANG_WARN__DUPLICATE_METHOD_MATCH = YES;
				COPY_PHASE_STRIP = NO;
				DEAD_CODE_STRIPPING = YES;
				DEBUG_INFORMATION_FORMAT = dwarf;
				ENABLE_STRICT_OBJC_MSGSEND = YES;
				ENABLE_TESTABILITY = YES;
				ENABLE_USER_SCRIPT_SANDBOXING = YES;
				GCC_C_LANGUAGE_STANDARD = gnu17;
				GCC_DYNAMIC_NO_PIC = NO;
				GCC_NO_COMMON_BLOCKS = YES;
				GCC_OPTIMIZATION_LEVEL = 0;
				GCC_PREPROCESSOR_DEFINITIONS = (
					"DEBUG=1",
					"$(inherited)",
				);
				GCC_WARN_64_TO_32_BIT_CONVERSION = YES;
				GCC_WARN_ABOUT_RETURN_TYPE = YES_ERROR;
				GCC_WARN_UNDECLARED_SELECTOR = YES;
				GCC_WARN_UNINITIALIZED_AUTOS = YES_AGGRESSIVE;
				GCC_WARN_UNUSED_FUNCTION = YES;
				GCC_WARN_UNUSED_VARIABLE = YES;
				LOCALIZATION_PREFERS_STRING_CATALOGS = YES;
				MTL_ENABLE_DEBUG_INFO = INCLUDE_SOURCE;
				MTL_FAST_MATH = YES;
				ONLY_ACTIVE_ARCH = YES;
				SWIFT_ACTIVE_COMPILATION_CONDITIONS = "DEBUG $(inherited)";
				SWIFT_OPTIMIZATION_LEVEL = "-Onone";
			};
			name = Debug;
		};
		B67D15532BDF4958007E690B /* Release */ = {
			isa = XCBuildConfiguration;
			buildSettings = {
				ALWAYS_SEARCH_USER_PATHS = NO;
				ASSETCATALOG_COMPILER_GENERATE_SWIFT_ASSET_SYMBOL_EXTENSIONS = YES;
				CLANG_ANALYZER_NONNULL = YES;
				CLANG_ANALYZER_NUMBER_OBJECT_CONVERSION = YES_AGGRESSIVE;
				CLANG_CXX_LANGUAGE_STANDARD = "gnu++20";
				CLANG_ENABLE_MODULES = YES;
				CLANG_ENABLE_OBJC_ARC = YES;
				CLANG_ENABLE_OBJC_WEAK = YES;
				CLANG_WARN_BLOCK_CAPTURE_AUTORELEASING = YES;
				CLANG_WARN_BOOL_CONVERSION = YES;
				CLANG_WARN_COMMA = YES;
				CLANG_WARN_CONSTANT_CONVERSION = YES;
				CLANG_WARN_DEPRECATED_OBJC_IMPLEMENTATIONS = YES;
				CLANG_WARN_DIRECT_OBJC_ISA_USAGE = YES_ERROR;
				CLANG_WARN_DOCUMENTATION_COMMENTS = YES;
				CLANG_WARN_EMPTY_BODY = YES;
				CLANG_WARN_ENUM_CONVERSION = YES;
				CLANG_WARN_INFINITE_RECURSION = YES;
				CLANG_WARN_INT_CONVERSION = YES;
				CLANG_WARN_NON_LITERAL_NULL_CONVERSION = YES;
				CLANG_WARN_OBJC_IMPLICIT_RETAIN_SELF = YES;
				CLANG_WARN_OBJC_LITERAL_CONVERSION = YES;
				CLANG_WARN_OBJC_ROOT_CLASS = YES_ERROR;
				CLANG_WARN_QUOTED_INCLUDE_IN_FRAMEWORK_HEADER = YES;
				CLANG_WARN_RANGE_LOOP_ANALYSIS = YES;
				CLANG_WARN_STRICT_PROTOTYPES = YES;
				CLANG_WARN_SUSPICIOUS_MOVE = YES;
				CLANG_WARN_UNGUARDED_AVAILABILITY = YES_AGGRESSIVE;
				CLANG_WARN_UNREACHABLE_CODE = YES;
				CLANG_WARN__DUPLICATE_METHOD_MATCH = YES;
				COPY_PHASE_STRIP = NO;
				DEAD_CODE_STRIPPING = YES;
				DEBUG_INFORMATION_FORMAT = "dwarf-with-dsym";
				ENABLE_NS_ASSERTIONS = NO;
				ENABLE_STRICT_OBJC_MSGSEND = YES;
				ENABLE_USER_SCRIPT_SANDBOXING = YES;
				GCC_C_LANGUAGE_STANDARD = gnu17;
				GCC_NO_COMMON_BLOCKS = YES;
				GCC_WARN_64_TO_32_BIT_CONVERSION = YES;
				GCC_WARN_ABOUT_RETURN_TYPE = YES_ERROR;
				GCC_WARN_UNDECLARED_SELECTOR = YES;
				GCC_WARN_UNINITIALIZED_AUTOS = YES_AGGRESSIVE;
				GCC_WARN_UNUSED_FUNCTION = YES;
				GCC_WARN_UNUSED_VARIABLE = YES;
				LOCALIZATION_PREFERS_STRING_CATALOGS = YES;
				MTL_ENABLE_DEBUG_INFO = NO;
				MTL_FAST_MATH = YES;
				SWIFT_COMPILATION_MODE = wholemodule;
			};
			name = Release;
		};
		B67D15552BDF4958007E690B /* Debug */ = {
			isa = XCBuildConfiguration;
			buildSettings = {
				ASSETCATALOG_COMPILER_APPICON_NAME = AppIcon;
				ASSETCATALOG_COMPILER_GLOBAL_ACCENT_COLOR_NAME = AccentColor;
				CODE_SIGN_ENTITLEMENTS = ourmarket/ourmarket.entitlements;
				CODE_SIGN_STYLE = Automatic;
				CURRENT_PROJECT_VERSION = 1;
				DEAD_CODE_STRIPPING = YES;
				DEVELOPMENT_ASSET_PATHS = "\"ourmarket/Preview Content\"";
				DEVELOPMENT_TEAM = 5YHVG3JT6B;
				ENABLE_HARDENED_RUNTIME = YES;
				ENABLE_PREVIEWS = YES;
				GENERATE_INFOPLIST_FILE = YES;
				INFOPLIST_FILE = ourmarket/Info.plist;
				INFOPLIST_KEY_LSApplicationCategoryType = "public.app-category.finance";
				"INFOPLIST_KEY_UIApplicationSceneManifest_Generation[sdk=iphoneos*]" = YES;
				"INFOPLIST_KEY_UIApplicationSceneManifest_Generation[sdk=iphonesimulator*]" = YES;
				"INFOPLIST_KEY_UIApplicationSupportsIndirectInputEvents[sdk=iphoneos*]" = YES;
				"INFOPLIST_KEY_UIApplicationSupportsIndirectInputEvents[sdk=iphonesimulator*]" = YES;
				"INFOPLIST_KEY_UILaunchScreen_Generation[sdk=iphoneos*]" = YES;
				"INFOPLIST_KEY_UILaunchScreen_Generation[sdk=iphonesimulator*]" = YES;
				"INFOPLIST_KEY_UIStatusBarStyle[sdk=iphoneos*]" = UIStatusBarStyleDefault;
				"INFOPLIST_KEY_UIStatusBarStyle[sdk=iphonesimulator*]" = UIStatusBarStyleDefault;
				INFOPLIST_KEY_UISupportedInterfaceOrientations_iPad = "UIInterfaceOrientationPortrait UIInterfaceOrientationPortraitUpsideDown UIInterfaceOrientationLandscapeLeft UIInterfaceOrientationLandscapeRight";
				INFOPLIST_KEY_UISupportedInterfaceOrientations_iPhone = "UIInterfaceOrientationPortrait UIInterfaceOrientationLandscapeLeft UIInterfaceOrientationLandscapeRight";
				IPHONEOS_DEPLOYMENT_TARGET = 17.4;
				LD_RUNPATH_SEARCH_PATHS = "@executable_path/Frameworks";
				"LD_RUNPATH_SEARCH_PATHS[sdk=macosx*]" = "@executable_path/../Frameworks";
				MACOSX_DEPLOYMENT_TARGET = 14.3;
				MARKETING_VERSION = 1.0;
				PRODUCT_BUNDLE_IDENTIFIER = com.aguiarco.ourmarket;
				PRODUCT_NAME = "$(TARGET_NAME)";
				SDKROOT = auto;
				SUPPORTED_PLATFORMS = "iphoneos iphonesimulator macosx";
				SWIFT_EMIT_LOC_STRINGS = YES;
				SWIFT_VERSION = 5.0;
				TARGETED_DEVICE_FAMILY = "1,2";
			};
			name = Debug;
		};
		B67D15562BDF4958007E690B /* Release */ = {
			isa = XCBuildConfiguration;
			buildSettings = {
				ASSETCATALOG_COMPILER_APPICON_NAME = AppIcon;
				ASSETCATALOG_COMPILER_GLOBAL_ACCENT_COLOR_NAME = AccentColor;
				CODE_SIGN_ENTITLEMENTS = ourmarket/ourmarket.entitlements;
				CODE_SIGN_STYLE = Automatic;
				CURRENT_PROJECT_VERSION = 1;
				DEAD_CODE_STRIPPING = YES;
				DEVELOPMENT_ASSET_PATHS = "\"ourmarket/Preview Content\"";
				DEVELOPMENT_TEAM = 5YHVG3JT6B;
				ENABLE_HARDENED_RUNTIME = YES;
				ENABLE_PREVIEWS = YES;
				GENERATE_INFOPLIST_FILE = YES;
				INFOPLIST_FILE = ourmarket/Info.plist;
				INFOPLIST_KEY_LSApplicationCategoryType = "public.app-category.finance";
				"INFOPLIST_KEY_UIApplicationSceneManifest_Generation[sdk=iphoneos*]" = YES;
				"INFOPLIST_KEY_UIApplicationSceneManifest_Generation[sdk=iphonesimulator*]" = YES;
				"INFOPLIST_KEY_UIApplicationSupportsIndirectInputEvents[sdk=iphoneos*]" = YES;
				"INFOPLIST_KEY_UIApplicationSupportsIndirectInputEvents[sdk=iphonesimulator*]" = YES;
				"INFOPLIST_KEY_UILaunchScreen_Generation[sdk=iphoneos*]" = YES;
				"INFOPLIST_KEY_UILaunchScreen_Generation[sdk=iphonesimulator*]" = YES;
				"INFOPLIST_KEY_UIStatusBarStyle[sdk=iphoneos*]" = UIStatusBarStyleDefault;
				"INFOPLIST_KEY_UIStatusBarStyle[sdk=iphonesimulator*]" = UIStatusBarStyleDefault;
				INFOPLIST_KEY_UISupportedInterfaceOrientations_iPad = "UIInterfaceOrientationPortrait UIInterfaceOrientationPortraitUpsideDown UIInterfaceOrientationLandscapeLeft UIInterfaceOrientationLandscapeRight";
				INFOPLIST_KEY_UISupportedInterfaceOrientations_iPhone = "UIInterfaceOrientationPortrait UIInterfaceOrientationLandscapeLeft UIInterfaceOrientationLandscapeRight";
				IPHONEOS_DEPLOYMENT_TARGET = 17.4;
				LD_RUNPATH_SEARCH_PATHS = "@executable_path/Frameworks";
				"LD_RUNPATH_SEARCH_PATHS[sdk=macosx*]" = "@executable_path/../Frameworks";
				MACOSX_DEPLOYMENT_TARGET = 14.3;
				MARKETING_VERSION = 1.0;
				PRODUCT_BUNDLE_IDENTIFIER = com.aguiarco.ourmarket;
				PRODUCT_NAME = "$(TARGET_NAME)";
				SDKROOT = auto;
				SUPPORTED_PLATFORMS = "iphoneos iphonesimulator macosx";
				SWIFT_EMIT_LOC_STRINGS = YES;
				SWIFT_VERSION = 5.0;
				TARGETED_DEVICE_FAMILY = "1,2";
			};
			name = Release;
		};
/* End XCBuildConfiguration section */

/* Begin XCConfigurationList section */
		B67D15402BDF4957007E690B /* Build configuration list for PBXProject "ourmarket" */ = {
			isa = XCConfigurationList;
			buildConfigurations = (
				B67D15522BDF4958007E690B /* Debug */,
				B67D15532BDF4958007E690B /* Release */,
			);
			defaultConfigurationIsVisible = 0;
			defaultConfigurationName = Release;
		};
		B67D15542BDF4958007E690B /* Build configuration list for PBXNativeTarget "ourmarket" */ = {
			isa = XCConfigurationList;
			buildConfigurations = (
				B67D15552BDF4958007E690B /* Debug */,
				B67D15562BDF4958007E690B /* Release */,
			);
			defaultConfigurationIsVisible = 0;
			defaultConfigurationName = Release;
		};
/* End XCConfigurationList section */

/* Begin XCRemoteSwiftPackageReference section */
		B6ECCC3F2BDF4FB9007AEACA /* XCRemoteSwiftPackageReference "firebase-ios-sdk" */ = {
			isa = XCRemoteSwiftPackageReference;
			repositoryURL = "https://github.com/firebase/firebase-ios-sdk";
			requirement = {
				kind = upToNextMajorVersion;
				minimumVersion = 10.24.0;
			};
		};
		B6ECCC482BDF4FEE007AEACA /* XCRemoteSwiftPackageReference "GoogleSignIn-iOS" */ = {
			isa = XCRemoteSwiftPackageReference;
			repositoryURL = "https://github.com/google/GoogleSignIn-iOS";
			requirement = {
				kind = upToNextMajorVersion;
				minimumVersion = 7.1.0;
			};
		};
/* End XCRemoteSwiftPackageReference section */

/* Begin XCSwiftPackageProductDependency section */
		B6ECCC402BDF4FB9007AEACA /* FirebaseAuth */ = {
			isa = XCSwiftPackageProductDependency;
			package = B6ECCC3F2BDF4FB9007AEACA /* XCRemoteSwiftPackageReference "firebase-ios-sdk" */;
			productName = FirebaseAuth;
		};
		B6ECCC422BDF4FB9007AEACA /* FirebaseDatabase */ = {
			isa = XCSwiftPackageProductDependency;
			package = B6ECCC3F2BDF4FB9007AEACA /* XCRemoteSwiftPackageReference "firebase-ios-sdk" */;
			productName = FirebaseDatabase;
		};
		B6ECCC442BDF4FB9007AEACA /* FirebaseFirestore */ = {
			isa = XCSwiftPackageProductDependency;
			package = B6ECCC3F2BDF4FB9007AEACA /* XCRemoteSwiftPackageReference "firebase-ios-sdk" */;
			productName = FirebaseFirestore;
		};
		B6ECCC462BDF4FB9007AEACA /* FirebaseStorage */ = {
			isa = XCSwiftPackageProductDependency;
			package = B6ECCC3F2BDF4FB9007AEACA /* XCRemoteSwiftPackageReference "firebase-ios-sdk" */;
			productName = FirebaseStorage;
		};
		B6ECCC492BDF4FEE007AEACA /* GoogleSignIn */ = {
			isa = XCSwiftPackageProductDependency;
			package = B6ECCC482BDF4FEE007AEACA /* XCRemoteSwiftPackageReference "GoogleSignIn-iOS" */;
			productName = GoogleSignIn;
		};
		B6ECCC4B2BDF4FEE007AEACA /* GoogleSignInSwift */ = {
			isa = XCSwiftPackageProductDependency;
			package = B6ECCC482BDF4FEE007AEACA /* XCRemoteSwiftPackageReference "GoogleSignIn-iOS" */;
			productName = GoogleSignInSwift;
		};
		B6ECCC4F2BDF51AB007AEACA /* FirebaseAnalytics */ = {
			isa = XCSwiftPackageProductDependency;
			package = B6ECCC3F2BDF4FB9007AEACA /* XCRemoteSwiftPackageReference "firebase-ios-sdk" */;
			productName = FirebaseAnalytics;
		};
/* End XCSwiftPackageProductDependency section */
	};
	rootObject = B67D153D2BDF4957007E690B /* Project object */;
}
